<?xml version="1.0" encoding="utf-8"?>
<Project ToolsVersion="16.0" xmlns="http://schemas.microsoft.com/developer/msbuild/2003">
  <ItemGroup>
    <CustomBuild Include="C:\IBOIS57\_Code\Software\Python\Pybind11Example\vsstudio\CMakeFiles\696d40b259ed029c172ed8bb323f278d\generate.stamp.rule">
      <Filter>CMake Rules</Filter>
    </CustomBuild>
  </ItemGroup>
  <ItemGroup>
    <Filter Include="CMake Rules">
      <UniqueIdentifier>{1A3AB4B2-D151-3920-ABEE-ED19F0A0517D}</UniqueIdentifier>
    </Filter>
  </ItemGroup>
</Project>
