<?xml version="1.0" encoding="utf-8"?>
<Project ToolsVersion="16.0" xmlns="http://schemas.microsoft.com/developer/msbuild/2003">
  <ItemGroup>
    <ClCompile Include="compas.cpp">
      <Filter>Source Files</Filter>
    </ClCompile>
    <ClCompile Include="compas_cgal.cpp">
      <Filter>Source Files</Filter>
    </ClCompile>
    <ClCompile Include="slicer.cpp">
      <Filter>Source Files</Filter>
    </ClCompile>
    <ClCompile Include="AxisPlane.cpp">
      <Filter>Source Files\CGALUtilities</Filter>
    </ClCompile>
    <ClCompile Include="clipper.cpp">
      <Filter>Source Files\CGALUtilities</Filter>
    </ClCompile>
    <ClCompile Include="joint.cpp">
      <Filter>Source Files\JoinerySolver</Filter>
    </ClCompile>
    <ClCompile Include="element.cpp">
      <Filter>Source Files\JoinerySolver</Filter>
    </ClCompile>
    <ClCompile Include="connection_zones.cpp">
      <Filter>Source Files\JoinerySolver</Filter>
    </ClCompile>
  </ItemGroup>
  <ItemGroup>
    <CustomBuild Include="C:\IBOIS57\_Code\Software\Python\Pybind11Example\CMakeLists.txt" />
  </ItemGroup>
  <ItemGroup>
    <Filter Include="Source Files">
      <UniqueIdentifier>{7A12248F-E687-3D60-B275-39E94CB48B6E}</UniqueIdentifier>
    </Filter>
    <Filter Include="Source Files\CGALUtilities">
      <UniqueIdentifier>{847fa00e-0c07-41f8-b329-e23e5d0ed2b2}</UniqueIdentifier>
    </Filter>
    <Filter Include="Source Files\JoinerySolver">
      <UniqueIdentifier>{0203fbb5-cd15-418f-b5f2-808e031638c8}</UniqueIdentifier>
    </Filter>
  </ItemGroup>
  <ItemGroup>
    <ClInclude Include="slicer.h">
      <Filter>Source Files</Filter>
    </ClInclude>
    <ClInclude Include="CGAL_XFormUtil.h">
      <Filter>Source Files\CGALUtilities</Filter>
    </ClInclude>
    <ClInclude Include="CGAL_VectorUtil.h">
      <Filter>Source Files\CGALUtilities</Filter>
    </ClInclude>
    <ClInclude Include="CGAL_MathUtil.h">
      <Filter>Source Files\CGALUtilities</Filter>
    </ClInclude>
    <ClInclude Include="CGAL_PolylineUtil.h">
      <Filter>Source Files\CGALUtilities</Filter>
    </ClInclude>
    <ClInclude Include="CGAL_BoxUtil.h">
      <Filter>Source Files\CGALUtilities</Filter>
    </ClInclude>
    <ClInclude Include="CGAL_Print.h">
      <Filter>Source Files\CGALUtilities</Filter>
    </ClInclude>
    <ClInclude Include="CGAL_PlaneUtil.h">
      <Filter>Source Files\CGALUtilities</Filter>
    </ClInclude>
    <ClInclude Include="RTree.h">
      <Filter>Source Files\CGALUtilities</Filter>
    </ClInclude>
    <ClInclude Include="AxisPlane.h">
      <Filter>Source Files\CGALUtilities</Filter>
    </ClInclude>
    <ClInclude Include="clipper.h">
      <Filter>Source Files\CGALUtilities</Filter>
    </ClInclude>
    <ClInclude Include="clipperUtil.h">
      <Filter>Source Files\CGALUtilities</Filter>
    </ClInclude>
    <ClInclude Include="joint.h">
      <Filter>Source Files\JoinerySolver</Filter>
    </ClInclude>
    <ClInclude Include="compas.h">
      <Filter>Source Files</Filter>
    </ClInclude>
    <ClInclude Include="polylabel.hpp">
      <Filter>Source Files\CGALUtilities</Filter>
    </ClInclude>
    <ClInclude Include="CGAL_IntersectionUtil.h">
      <Filter>Source Files\CGALUtilities</Filter>
    </ClInclude>
    <ClInclude Include="joint_library.h">
      <Filter>Source Files\JoinerySolver</Filter>
    </ClInclude>
    <ClInclude Include="element.h">
      <Filter>Source Files\JoinerySolver</Filter>
    </ClInclude>
    <ClInclude Include="connection_zones.h">
      <Filter>Source Files\JoinerySolver</Filter>
    </ClInclude>
  </ItemGroup>
</Project>