
Microsoft Visual Studio Solution File, Format Version 12.00
# Visual Studio Version 16
VisualStudioVersion = 16.0.31515.178
MinimumVisualStudioVersion = 10.0.40219.1
Project("{8BC9CEB8-8B4A-11D0-8D11-00A0C91BC942}") = "joinery_solver", "joinery_solver\joinery_solver.vcxproj", "{A5F8FDB5-C3A6-47E0-9337-7FB67444F513}"
EndProject
Project("{8BC9CEB8-8B4A-11D0-8D11-00A0C91BC942}") = "joinery_solver_rhino7", "joinery_solver_rhino7\joinery_solver_rhino7.vcxproj", "{A7E61461-DBAD-4822-9DCC-FBEAE3E68363}"
EndProject
Project("{8BC9CEB8-8B4A-11D0-8D11-00A0C91BC942}") = "joinery_solver_command_line", "joinery_solver_command_line\joinery_solver_command_line.vcxproj", "{61665091-655E-4DBA-A76C-E28C4AD9075F}"
EndProject
Project("{FAE04EC0-301F-11D3-BF4B-00C04F79EFBC}") = "joinery_solver_net", "..\..\Python\compas_wood\net\joinery_solver_net\joinery_solver_net.csproj", "{12735E36-9859-4C02-B754-3A756FD1CD62}"
	ProjectSection(ProjectDependencies) = postProject
		{B4399166-D74C-4169-916E-48C5100C3DE5} = {B4399166-D74C-4169-916E-48C5100C3DE5}
	EndProjectSection
EndProject
Project("{8BC9CEB8-8B4A-11D0-8D11-00A0C91BC942}") = "joinery_solver_pinvoke", "..\..\Python\compas_wood\net\joinery_solver_pinvoke\joinery_solver_pinvoke.vcxproj", "{B4399166-D74C-4169-916E-48C5100C3DE5}"
EndProject
Project("{FAE04EC0-301F-11D3-BF4B-00C04F79EFBC}") = "joint_solver_net_console", "..\..\Python\compas_wood\net\joint_solver_net_console\joint_solver_net_console.csproj", "{6805723A-4FC7-4655-A389-B1CB8517E80D}"
	ProjectSection(ProjectDependencies) = postProject
		{12735E36-9859-4C02-B754-3A756FD1CD62} = {12735E36-9859-4C02-B754-3A756FD1CD62}
		{B4399166-D74C-4169-916E-48C5100C3DE5} = {B4399166-D74C-4169-916E-48C5100C3DE5}
		{A5F8FDB5-C3A6-47E0-9337-7FB67444F513} = {A5F8FDB5-C3A6-47E0-9337-7FB67444F513}
	EndProjectSection
EndProject
Project("{FAE04EC0-301F-11D3-BF4B-00C04F79EFBC}") = "rhino_util", "rhino_util\rhino_util.csproj", "{6CA5430F-93CF-4933-9D3A-3B5D1596ADFF}"
EndProject
Project("{FAE04EC0-301F-11D3-BF4B-00C04F79EFBC}") = "joinery_solver_gh", "..\..\Python\compas_wood\net\joinery_solver_gh\joinery_solver_gh.csproj", "{A64F2A86-3B31-406C-81FC-ADC7D5891688}"
EndProject
Project("{8BC9CEB8-8B4A-11D0-8D11-00A0C91BC942}") = "joinery_solver_viewer", "..\..\Python\compas_wood\net\joinery_solver_viewer\joinery_solver_viewer.vcxproj", "{A924C778-C6C3-48E7-A32D-D2AFB5A0AC4F}"
EndProject
Global
	GlobalSection(SolutionConfigurationPlatforms) = preSolution
		Debug|Any CPU = Debug|Any CPU
		Debug|x64 = Debug|x64
		Debug|x86 = Debug|x86
		Release|Any CPU = Release|Any CPU
		Release|x64 = Release|x64
		Release|x86 = Release|x86
	EndGlobalSection
	GlobalSection(ProjectConfigurationPlatforms) = postSolution
		{A5F8FDB5-C3A6-47E0-9337-7FB67444F513}.Debug|Any CPU.ActiveCfg = Release|x64
		{A5F8FDB5-C3A6-47E0-9337-7FB67444F513}.Debug|Any CPU.Build.0 = Release|x64
		{A5F8FDB5-C3A6-47E0-9337-7FB67444F513}.Debug|x64.ActiveCfg = Release|x64
		{A5F8FDB5-C3A6-47E0-9337-7FB67444F513}.Debug|x64.Build.0 = Release|x64
		{A5F8FDB5-C3A6-47E0-9337-7FB67444F513}.Debug|x86.ActiveCfg = Release|x64
		{A5F8FDB5-C3A6-47E0-9337-7FB67444F513}.Debug|x86.Build.0 = Release|x64
		{A5F8FDB5-C3A6-47E0-9337-7FB67444F513}.Release|Any CPU.ActiveCfg = Release|x64
		{A5F8FDB5-C3A6-47E0-9337-7FB67444F513}.Release|x64.ActiveCfg = Release|x64
		{A5F8FDB5-C3A6-47E0-9337-7FB67444F513}.Release|x64.Build.0 = Release|x64
		{A5F8FDB5-C3A6-47E0-9337-7FB67444F513}.Release|x86.ActiveCfg = Release|x64
		{A7E61461-DBAD-4822-9DCC-FBEAE3E68363}.Debug|Any CPU.ActiveCfg = Debug|x64
		{A7E61461-DBAD-4822-9DCC-FBEAE3E68363}.Debug|x64.ActiveCfg = Release|x64
		{A7E61461-DBAD-4822-9DCC-FBEAE3E68363}.Debug|x64.Build.0 = Release|x64
		{A7E61461-DBAD-4822-9DCC-FBEAE3E68363}.Debug|x86.ActiveCfg = Debug|x64
		{A7E61461-DBAD-4822-9DCC-FBEAE3E68363}.Release|Any CPU.ActiveCfg = Release|x64
		{A7E61461-DBAD-4822-9DCC-FBEAE3E68363}.Release|x64.ActiveCfg = Release|x64
		{A7E61461-DBAD-4822-9DCC-FBEAE3E68363}.Release|x64.Build.0 = Release|x64
		{A7E61461-DBAD-4822-9DCC-FBEAE3E68363}.Release|x86.ActiveCfg = Release|x64
		{61665091-655E-4DBA-A76C-E28C4AD9075F}.Debug|Any CPU.ActiveCfg = Debug|Win32
		{61665091-655E-4DBA-A76C-E28C4AD9075F}.Debug|x64.ActiveCfg = Debug|x64
		{61665091-655E-4DBA-A76C-E28C4AD9075F}.Debug|x64.Build.0 = Debug|x64
		{61665091-655E-4DBA-A76C-E28C4AD9075F}.Debug|x86.ActiveCfg = Debug|Win32
		{61665091-655E-4DBA-A76C-E28C4AD9075F}.Debug|x86.Build.0 = Debug|Win32
		{61665091-655E-4DBA-A76C-E28C4AD9075F}.Release|Any CPU.ActiveCfg = Release|Win32
		{61665091-655E-4DBA-A76C-E28C4AD9075F}.Release|x64.ActiveCfg = Release|x64
		{61665091-655E-4DBA-A76C-E28C4AD9075F}.Release|x64.Build.0 = Release|x64
		{61665091-655E-4DBA-A76C-E28C4AD9075F}.Release|x86.ActiveCfg = Release|Win32
		{61665091-655E-4DBA-A76C-E28C4AD9075F}.Release|x86.Build.0 = Release|Win32
		{12735E36-9859-4C02-B754-3A756FD1CD62}.Debug|Any CPU.ActiveCfg = Release|x64
		{12735E36-9859-4C02-B754-3A756FD1CD62}.Debug|x64.ActiveCfg = Debug|x64
		{12735E36-9859-4C02-B754-3A756FD1CD62}.Debug|x64.Build.0 = Debug|x64
		{12735E36-9859-4C02-B754-3A756FD1CD62}.Debug|x86.ActiveCfg = Release|x64
		{12735E36-9859-4C02-B754-3A756FD1CD62}.Release|Any CPU.ActiveCfg = Release|x64
		{12735E36-9859-4C02-B754-3A756FD1CD62}.Release|x64.ActiveCfg = Release|x64
		{12735E36-9859-4C02-B754-3A756FD1CD62}.Release|x64.Build.0 = Release|x64
		{12735E36-9859-4C02-B754-3A756FD1CD62}.Release|x86.ActiveCfg = Release|x64
		{B4399166-D74C-4169-916E-48C5100C3DE5}.Debug|Any CPU.ActiveCfg = Release|x64
		{B4399166-D74C-4169-916E-48C5100C3DE5}.Debug|x64.ActiveCfg = Release|x64
		{B4399166-D74C-4169-916E-48C5100C3DE5}.Debug|x64.Build.0 = Release|x64
		{B4399166-D74C-4169-916E-48C5100C3DE5}.Debug|x86.ActiveCfg = Release|x64
		{B4399166-D74C-4169-916E-48C5100C3DE5}.Release|Any CPU.ActiveCfg = Release|x64
		{B4399166-D74C-4169-916E-48C5100C3DE5}.Release|x64.ActiveCfg = Release|x64
		{B4399166-D74C-4169-916E-48C5100C3DE5}.Release|x64.Build.0 = Release|x64
		{B4399166-D74C-4169-916E-48C5100C3DE5}.Release|x86.ActiveCfg = Release|x64
		{6805723A-4FC7-4655-A389-B1CB8517E80D}.Debug|Any CPU.ActiveCfg = Release|x64
		{6805723A-4FC7-4655-A389-B1CB8517E80D}.Debug|x64.ActiveCfg = Release|x64
		{6805723A-4FC7-4655-A389-B1CB8517E80D}.Debug|x86.ActiveCfg = Release|x64
		{6805723A-4FC7-4655-A389-B1CB8517E80D}.Release|Any CPU.ActiveCfg = Release|x64
		{6805723A-4FC7-4655-A389-B1CB8517E80D}.Release|x64.ActiveCfg = Release|x64
		{6805723A-4FC7-4655-A389-B1CB8517E80D}.Release|x86.ActiveCfg = Release|x64
		{6CA5430F-93CF-4933-9D3A-3B5D1596ADFF}.Debug|Any CPU.ActiveCfg = Debug|x64
		{6CA5430F-93CF-4933-9D3A-3B5D1596ADFF}.Debug|x64.ActiveCfg = Debug|x64
		{6CA5430F-93CF-4933-9D3A-3B5D1596ADFF}.Debug|x64.Build.0 = Debug|x64
		{6CA5430F-93CF-4933-9D3A-3B5D1596ADFF}.Debug|x86.ActiveCfg = Debug|x64
		{6CA5430F-93CF-4933-9D3A-3B5D1596ADFF}.Release|Any CPU.ActiveCfg = Release|x64
		{6CA5430F-93CF-4933-9D3A-3B5D1596ADFF}.Release|x64.ActiveCfg = Release|x64
		{6CA5430F-93CF-4933-9D3A-3B5D1596ADFF}.Release|x86.ActiveCfg = Release|x64
		{A64F2A86-3B31-406C-81FC-ADC7D5891688}.Debug|Any CPU.ActiveCfg = Debug|Any CPU
		{A64F2A86-3B31-406C-81FC-ADC7D5891688}.Debug|Any CPU.Build.0 = Debug|Any CPU
		{A64F2A86-3B31-406C-81FC-ADC7D5891688}.Debug|x64.ActiveCfg = Debug|Any CPU
		{A64F2A86-3B31-406C-81FC-ADC7D5891688}.Debug|x64.Build.0 = Debug|Any CPU
		{A64F2A86-3B31-406C-81FC-ADC7D5891688}.Debug|x86.ActiveCfg = Debug|Any CPU
		{A64F2A86-3B31-406C-81FC-ADC7D5891688}.Debug|x86.Build.0 = Debug|Any CPU
		{A64F2A86-3B31-406C-81FC-ADC7D5891688}.Release|Any CPU.ActiveCfg = Release|Any CPU
		{A64F2A86-3B31-406C-81FC-ADC7D5891688}.Release|Any CPU.Build.0 = Release|Any CPU
		{A64F2A86-3B31-406C-81FC-ADC7D5891688}.Release|x64.ActiveCfg = Release|Any CPU
		{A64F2A86-3B31-406C-81FC-ADC7D5891688}.Release|x64.Build.0 = Release|Any CPU
		{A64F2A86-3B31-406C-81FC-ADC7D5891688}.Release|x86.ActiveCfg = Release|Any CPU
		{A64F2A86-3B31-406C-81FC-ADC7D5891688}.Release|x86.Build.0 = Release|Any CPU
		{A924C778-C6C3-48E7-A32D-D2AFB5A0AC4F}.Debug|Any CPU.ActiveCfg = Debug|Win32
		{A924C778-C6C3-48E7-A32D-D2AFB5A0AC4F}.Debug|x64.ActiveCfg = Debug|x64
		{A924C778-C6C3-48E7-A32D-D2AFB5A0AC4F}.Debug|x64.Build.0 = Debug|x64
		{A924C778-C6C3-48E7-A32D-D2AFB5A0AC4F}.Debug|x86.ActiveCfg = Debug|Win32
		{A924C778-C6C3-48E7-A32D-D2AFB5A0AC4F}.Debug|x86.Build.0 = Debug|Win32
		{A924C778-C6C3-48E7-A32D-D2AFB5A0AC4F}.Release|Any CPU.ActiveCfg = Release|Win32
		{A924C778-C6C3-48E7-A32D-D2AFB5A0AC4F}.Release|x64.ActiveCfg = Release|x64
		{A924C778-C6C3-48E7-A32D-D2AFB5A0AC4F}.Release|x64.Build.0 = Release|x64
		{A924C778-C6C3-48E7-A32D-D2AFB5A0AC4F}.Release|x86.ActiveCfg = Release|Win32
		{A924C778-C6C3-48E7-A32D-D2AFB5A0AC4F}.Release|x86.Build.0 = Release|Win32
	EndGlobalSection
	GlobalSection(SolutionProperties) = preSolution
		HideSolutionNode = FALSE
	EndGlobalSection
	GlobalSection(ExtensibilityGlobals) = postSolution
		SolutionGuid = {FD471313-7B72-488A-A1BE-643A0CEB9171}
	EndGlobalSection
EndGlobal
